
Microsoft Visual Studio Solution File, Format Version 12.00
# Visual Studio Version 17
VisualStudioVersion = 17.14.36717.8 d17.14
MinimumVisualStudioVersion = 10.0.40219.1
Project("{FAE04EC0-301F-11D3-BF4B-00C04F79EFBC}") = "dars2", "dars2\dars2.csproj", "{C0E96DA1-0296-4E57-AC0D-4BD9632AAF50}"
EndProject
Global
	GlobalSection(SolutionConfigurationPlatforms) = preSolution
		Debug|Any CPU = Debug|Any CPU
		Release|Any CPU = Release|Any CPU
	EndGlobalSection
	GlobalSection(ProjectConfigurationPlatforms) = postSolution
		{C0E96DA1-0296-4E57-AC0D-4BD9632AAF50}.Debug|Any CPU.ActiveCfg = Debug|Any CPU
		{C0E96DA1-0296-4E57-AC0D-4BD9632AAF50}.Debug|Any CPU.Build.0 = Debug|Any CPU
		{C0E96DA1-0296-4E57-AC0D-4BD9632AAF50}.Release|Any CPU.ActiveCfg = Release|Any CPU
		{C0E96DA1-0296-4E57-AC0D-4BD9632AAF50}.Release|Any CPU.Build.0 = Release|Any CPU
	EndGlobalSection
	GlobalSection(SolutionProperties) = preSolution
		HideSolutionNode = FALSE
	EndGlobalSection
	GlobalSection(ExtensibilityGlobals) = postSolution
		SolutionGuid = {FA4068B1-56C9-47B5-87A2-2B195081716A}
	EndGlobalSection
EndGlobal
